
Microsoft Visual Studio Solution File, Format Version 12.00
# Visual Studio 2013
VisualStudioVersion = 12.0.31101.0
MinimumVisualStudioVersion = 10.0.40219.1
Project("{FAE04EC0-301F-11D3-BF4B-00C04F79EFBC}") = "CSharp", "CSharp\CSharp.csproj", "{87B5420A-9AD3-492A-B3C7-A5F307B90288}"
EndProject
Project("{F184B08F-C81C-45F6-A57F-5ABD9991F28F}") = "Visual_Basic", "Visual_Basic\Visual_Basic.vbproj", "{4B727A97-A002-46CA-B4ED-09C3E4A7EA25}"
EndProject
Project("{F2A71F9B-5D33-465A-A702-920D77279786}") = "FSharp", "FSharp\FSharp.fsproj", "{99AE7570-216E-47A3-80CD-06D628B1EB09}"
EndProject
Project("{FAE04EC0-301F-11D3-BF4B-00C04F79EFBC}") = "SQL", "SQL\SQL.csproj", "{7419E439-0DED-49EC-ACAC-9A234DBCDBB4}"
EndProject
Project("{FAE04EC0-301F-11D3-BF4B-00C04F79EFBC}") = "T4_Utilities", "T4_Utilities\T4_Utilities.csproj", "{676059A0-AE5D-4A07-B1BD-CD23EB29EE90}"
EndProject
Global
	GlobalSection(SolutionConfigurationPlatforms) = preSolution
		Debug|Any CPU = Debug|Any CPU
		Release|Any CPU = Release|Any CPU
	EndGlobalSection
	GlobalSection(ProjectConfigurationPlatforms) = postSolution
		{87B5420A-9AD3-492A-B3C7-A5F307B90288}.Debug|Any CPU.ActiveCfg = Debug|Any CPU
		{87B5420A-9AD3-492A-B3C7-A5F307B90288}.Debug|Any CPU.Build.0 = Debug|Any CPU
		{87B5420A-9AD3-492A-B3C7-A5F307B90288}.Release|Any CPU.ActiveCfg = Release|Any CPU
		{87B5420A-9AD3-492A-B3C7-A5F307B90288}.Release|Any CPU.Build.0 = Release|Any CPU
		{4B727A97-A002-46CA-B4ED-09C3E4A7EA25}.Debug|Any CPU.ActiveCfg = Debug|Any CPU
		{4B727A97-A002-46CA-B4ED-09C3E4A7EA25}.Debug|Any CPU.Build.0 = Debug|Any CPU
		{4B727A97-A002-46CA-B4ED-09C3E4A7EA25}.Release|Any CPU.ActiveCfg = Release|Any CPU
		{4B727A97-A002-46CA-B4ED-09C3E4A7EA25}.Release|Any CPU.Build.0 = Release|Any CPU
		{99AE7570-216E-47A3-80CD-06D628B1EB09}.Debug|Any CPU.ActiveCfg = Debug|Any CPU
		{99AE7570-216E-47A3-80CD-06D628B1EB09}.Debug|Any CPU.Build.0 = Debug|Any CPU
		{99AE7570-216E-47A3-80CD-06D628B1EB09}.Release|Any CPU.ActiveCfg = Release|Any CPU
		{99AE7570-216E-47A3-80CD-06D628B1EB09}.Release|Any CPU.Build.0 = Release|Any CPU
		{7419E439-0DED-49EC-ACAC-9A234DBCDBB4}.Debug|Any CPU.ActiveCfg = Debug|Any CPU
		{7419E439-0DED-49EC-ACAC-9A234DBCDBB4}.Debug|Any CPU.Build.0 = Debug|Any CPU
		{7419E439-0DED-49EC-ACAC-9A234DBCDBB4}.Release|Any CPU.ActiveCfg = Release|Any CPU
		{7419E439-0DED-49EC-ACAC-9A234DBCDBB4}.Release|Any CPU.Build.0 = Release|Any CPU
		{676059A0-AE5D-4A07-B1BD-CD23EB29EE90}.Debug|Any CPU.ActiveCfg = Debug|Any CPU
		{676059A0-AE5D-4A07-B1BD-CD23EB29EE90}.Debug|Any CPU.Build.0 = Debug|Any CPU
		{676059A0-AE5D-4A07-B1BD-CD23EB29EE90}.Release|Any CPU.ActiveCfg = Release|Any CPU
		{676059A0-AE5D-4A07-B1BD-CD23EB29EE90}.Release|Any CPU.Build.0 = Release|Any CPU
	EndGlobalSection
	GlobalSection(SolutionProperties) = preSolution
		HideSolutionNode = FALSE
	EndGlobalSection
EndGlobal
